
Microsoft Visual Studio Solution File, Format Version 11.00
# Visual Studio 2010
Project("{8BC9CEB8-8B4A-11D0-8D11-00A0C91BC942}") = "FileSystem", "FileSystem\FileSystem.vcxproj", "{1E71F522-2D95-4B30-BF8B-2BAC22029D6A}"
EndProject
Project("{2150E333-8FDC-42A3-9474-1A3956D46DE8}") = "Solution Items", "Solution Items", "{76AD3099-1EB3-4CC9-A02D-994F5C68D905}"
	ProjectSection(SolutionItems) = preProject
		FileSystem.vsmdi = FileSystem.vsmdi
		Local.testsettings = Local.testsettings
		TraceAndTestImpact.testsettings = TraceAndTestImpact.testsettings
	EndProjectSection
EndProject
Project("{54435603-DBB4-11D2-8724-00A0C9A8B90C}") = "FileSystemSetup", "FileSystemSetup\FileSystemSetup.vdproj", "{37955248-72F2-4CE8-B236-25A65D2FC83F}"
EndProject
Global
	GlobalSection(TestCaseManagementSettings) = postSolution
		CategoryFile = FileSystem.vsmdi
	EndGlobalSection
	GlobalSection(SolutionConfigurationPlatforms) = preSolution
		Debug|Win32 = Debug|Win32
		Release|Win32 = Release|Win32
	EndGlobalSection
	GlobalSection(ProjectConfigurationPlatforms) = postSolution
		{1E71F522-2D95-4B30-BF8B-2BAC22029D6A}.Debug|Win32.ActiveCfg = Debug|Win32
		{1E71F522-2D95-4B30-BF8B-2BAC22029D6A}.Debug|Win32.Build.0 = Debug|Win32
		{1E71F522-2D95-4B30-BF8B-2BAC22029D6A}.Release|Win32.ActiveCfg = Release|Win32
		{1E71F522-2D95-4B30-BF8B-2BAC22029D6A}.Release|Win32.Build.0 = Release|Win32
		{37955248-72F2-4CE8-B236-25A65D2FC83F}.Debug|Win32.ActiveCfg = Debug
		{37955248-72F2-4CE8-B236-25A65D2FC83F}.Release|Win32.ActiveCfg = Release
		{37955248-72F2-4CE8-B236-25A65D2FC83F}.Release|Win32.Build.0 = Release
	EndGlobalSection
	GlobalSection(SolutionProperties) = preSolution
		HideSolutionNode = FALSE
	EndGlobalSection
EndGlobal
